
Microsoft Visual Studio Solution File, Format Version 12.00
# Visual Studio Version 17
VisualStudioVersion = 17.13.35919.96
MinimumVisualStudioVersion = 10.0.40219.1
Project("{FAE04EC0-301F-11D3-BF4B-00C04F79EFBC}") = "MontefaroMatias", "MontefaroMatias\MontefaroMatias.csproj", "{1711BBFB-C378-42DE-29BA-FDCF7A0BA71C}"
EndProject
Project("{2150E333-8FDC-42A3-9474-1A3956D46DE8}") = "Elementos de la solución", "Elementos de la solución", "{D107F4C8-89CC-BEA8-D3D7-CA6B7733353D}"
	ProjectSection(SolutionItems) = preProject
		BootLoader\bin\Debug\net9.0\ctc.svg = BootLoader\bin\Debug\net9.0\ctc.svg
		Parque.xml = Parque.xml
	EndProjectSection
EndProject
Project("{FAE04EC0-301F-11D3-BF4B-00C04F79EFBC}") = "TopacioCTC", "TopacioCTC\TopacioCTC.csproj", "{E31ECF1D-DC49-4795-B66B-3B696B6FA298}"
EndProject
Project("{FAE04EC0-301F-11D3-BF4B-00C04F79EFBC}") = "TopacioServer", "TopacioServer\TopacioServer.csproj", "{C85D00E5-DA0F-4E50-9010-A7235DD0CDD6}"
EndProject
Project("{FAE04EC0-301F-11D3-BF4B-00C04F79EFBC}") = "BootLoader", "BootLoader\BootLoader.csproj", "{9FB4DE58-A339-01A0-977A-781457E4B3E0}"
EndProject
Global
	GlobalSection(SolutionConfigurationPlatforms) = preSolution
		Debug|Any CPU = Debug|Any CPU
		Debug|ARM = Debug|ARM
		Debug|ARM64 = Debug|ARM64
		Debug|x64 = Debug|x64
		Debug|x86 = Debug|x86
		Raspi Parque 2|Any CPU = Raspi Parque 2|Any CPU
		Raspi Parque 2|ARM = Raspi Parque 2|ARM
		Raspi Parque 2|ARM64 = Raspi Parque 2|ARM64
		Raspi Parque 2|x64 = Raspi Parque 2|x64
		Raspi Parque 2|x86 = Raspi Parque 2|x86
		Raspi Parque|Any CPU = Raspi Parque|Any CPU
		Raspi Parque|ARM = Raspi Parque|ARM
		Raspi Parque|ARM64 = Raspi Parque|ARM64
		Raspi Parque|x64 = Raspi Parque|x64
		Raspi Parque|x86 = Raspi Parque|x86
		Release|Any CPU = Release|Any CPU
		Release|ARM = Release|ARM
		Release|ARM64 = Release|ARM64
		Release|x64 = Release|x64
		Release|x86 = Release|x86
	EndGlobalSection
	GlobalSection(ProjectConfigurationPlatforms) = postSolution
		{1711BBFB-C378-42DE-29BA-FDCF7A0BA71C}.Debug|Any CPU.ActiveCfg = Debug|Any CPU
		{1711BBFB-C378-42DE-29BA-FDCF7A0BA71C}.Debug|Any CPU.Build.0 = Debug|Any CPU
		{1711BBFB-C378-42DE-29BA-FDCF7A0BA71C}.Debug|ARM.ActiveCfg = Debug|Any CPU
		{1711BBFB-C378-42DE-29BA-FDCF7A0BA71C}.Debug|ARM.Build.0 = Debug|Any CPU
		{1711BBFB-C378-42DE-29BA-FDCF7A0BA71C}.Debug|ARM64.ActiveCfg = Debug|Any CPU
		{1711BBFB-C378-42DE-29BA-FDCF7A0BA71C}.Debug|ARM64.Build.0 = Debug|Any CPU
		{1711BBFB-C378-42DE-29BA-FDCF7A0BA71C}.Debug|x64.ActiveCfg = Debug|Any CPU
		{1711BBFB-C378-42DE-29BA-FDCF7A0BA71C}.Debug|x64.Build.0 = Debug|Any CPU
		{1711BBFB-C378-42DE-29BA-FDCF7A0BA71C}.Debug|x86.ActiveCfg = Debug|Any CPU
		{1711BBFB-C378-42DE-29BA-FDCF7A0BA71C}.Debug|x86.Build.0 = Debug|Any CPU
		{1711BBFB-C378-42DE-29BA-FDCF7A0BA71C}.Raspi Parque 2|Any CPU.ActiveCfg = Raspi Parque 2|Any CPU
		{1711BBFB-C378-42DE-29BA-FDCF7A0BA71C}.Raspi Parque 2|Any CPU.Build.0 = Raspi Parque 2|Any CPU
		{1711BBFB-C378-42DE-29BA-FDCF7A0BA71C}.Raspi Parque 2|ARM.ActiveCfg = Raspi Parque 2|Any CPU
		{1711BBFB-C378-42DE-29BA-FDCF7A0BA71C}.Raspi Parque 2|ARM.Build.0 = Raspi Parque 2|Any CPU
		{1711BBFB-C378-42DE-29BA-FDCF7A0BA71C}.Raspi Parque 2|ARM64.ActiveCfg = Raspi Parque 2|Any CPU
		{1711BBFB-C378-42DE-29BA-FDCF7A0BA71C}.Raspi Parque 2|ARM64.Build.0 = Raspi Parque 2|Any CPU
		{1711BBFB-C378-42DE-29BA-FDCF7A0BA71C}.Raspi Parque 2|x64.ActiveCfg = Raspi Parque 2|Any CPU
		{1711BBFB-C378-42DE-29BA-FDCF7A0BA71C}.Raspi Parque 2|x64.Build.0 = Raspi Parque 2|Any CPU
		{1711BBFB-C378-42DE-29BA-FDCF7A0BA71C}.Raspi Parque 2|x86.ActiveCfg = Raspi Parque 2|Any CPU
		{1711BBFB-C378-42DE-29BA-FDCF7A0BA71C}.Raspi Parque 2|x86.Build.0 = Raspi Parque 2|Any CPU
		{1711BBFB-C378-42DE-29BA-FDCF7A0BA71C}.Raspi Parque|Any CPU.ActiveCfg = Raspi Parque|Any CPU
		{1711BBFB-C378-42DE-29BA-FDCF7A0BA71C}.Raspi Parque|Any CPU.Build.0 = Raspi Parque|Any CPU
		{1711BBFB-C378-42DE-29BA-FDCF7A0BA71C}.Raspi Parque|ARM.ActiveCfg = Raspi Parque|Any CPU
		{1711BBFB-C378-42DE-29BA-FDCF7A0BA71C}.Raspi Parque|ARM.Build.0 = Raspi Parque|Any CPU
		{1711BBFB-C378-42DE-29BA-FDCF7A0BA71C}.Raspi Parque|ARM64.ActiveCfg = Raspi Parque|Any CPU
		{1711BBFB-C378-42DE-29BA-FDCF7A0BA71C}.Raspi Parque|ARM64.Build.0 = Raspi Parque|Any CPU
		{1711BBFB-C378-42DE-29BA-FDCF7A0BA71C}.Raspi Parque|x64.ActiveCfg = Raspi Parque|Any CPU
		{1711BBFB-C378-42DE-29BA-FDCF7A0BA71C}.Raspi Parque|x64.Build.0 = Raspi Parque|Any CPU
		{1711BBFB-C378-42DE-29BA-FDCF7A0BA71C}.Raspi Parque|x86.ActiveCfg = Raspi Parque|Any CPU
		{1711BBFB-C378-42DE-29BA-FDCF7A0BA71C}.Raspi Parque|x86.Build.0 = Raspi Parque|Any CPU
		{1711BBFB-C378-42DE-29BA-FDCF7A0BA71C}.Release|Any CPU.ActiveCfg = Release|Any CPU
		{1711BBFB-C378-42DE-29BA-FDCF7A0BA71C}.Release|Any CPU.Build.0 = Release|Any CPU
		{1711BBFB-C378-42DE-29BA-FDCF7A0BA71C}.Release|ARM.ActiveCfg = Release|Any CPU
		{1711BBFB-C378-42DE-29BA-FDCF7A0BA71C}.Release|ARM.Build.0 = Release|Any CPU
		{1711BBFB-C378-42DE-29BA-FDCF7A0BA71C}.Release|ARM64.ActiveCfg = Release|Any CPU
		{1711BBFB-C378-42DE-29BA-FDCF7A0BA71C}.Release|ARM64.Build.0 = Release|Any CPU
		{1711BBFB-C378-42DE-29BA-FDCF7A0BA71C}.Release|x64.ActiveCfg = Release|Any CPU
		{1711BBFB-C378-42DE-29BA-FDCF7A0BA71C}.Release|x64.Build.0 = Release|Any CPU
		{1711BBFB-C378-42DE-29BA-FDCF7A0BA71C}.Release|x86.ActiveCfg = Release|Any CPU
		{1711BBFB-C378-42DE-29BA-FDCF7A0BA71C}.Release|x86.Build.0 = Release|Any CPU
		{E31ECF1D-DC49-4795-B66B-3B696B6FA298}.Debug|Any CPU.ActiveCfg = Debug|Any CPU
		{E31ECF1D-DC49-4795-B66B-3B696B6FA298}.Debug|Any CPU.Build.0 = Debug|Any CPU
		{E31ECF1D-DC49-4795-B66B-3B696B6FA298}.Debug|ARM.ActiveCfg = Debug|Any CPU
		{E31ECF1D-DC49-4795-B66B-3B696B6FA298}.Debug|ARM.Build.0 = Debug|Any CPU
		{E31ECF1D-DC49-4795-B66B-3B696B6FA298}.Debug|ARM64.ActiveCfg = Debug|Any CPU
		{E31ECF1D-DC49-4795-B66B-3B696B6FA298}.Debug|ARM64.Build.0 = Debug|Any CPU
		{E31ECF1D-DC49-4795-B66B-3B696B6FA298}.Debug|x64.ActiveCfg = Debug|Any CPU
		{E31ECF1D-DC49-4795-B66B-3B696B6FA298}.Debug|x64.Build.0 = Debug|Any CPU
		{E31ECF1D-DC49-4795-B66B-3B696B6FA298}.Debug|x86.ActiveCfg = Debug|Any CPU
		{E31ECF1D-DC49-4795-B66B-3B696B6FA298}.Debug|x86.Build.0 = Debug|Any CPU
		{E31ECF1D-DC49-4795-B66B-3B696B6FA298}.Raspi Parque 2|Any CPU.ActiveCfg = Raspi Parque 2|Any CPU
		{E31ECF1D-DC49-4795-B66B-3B696B6FA298}.Raspi Parque 2|ARM.ActiveCfg = Raspi Parque 2|Any CPU
		{E31ECF1D-DC49-4795-B66B-3B696B6FA298}.Raspi Parque 2|ARM.Build.0 = Raspi Parque 2|Any CPU
		{E31ECF1D-DC49-4795-B66B-3B696B6FA298}.Raspi Parque 2|ARM64.ActiveCfg = Raspi Parque 2|Any CPU
		{E31ECF1D-DC49-4795-B66B-3B696B6FA298}.Raspi Parque 2|ARM64.Build.0 = Raspi Parque 2|Any CPU
		{E31ECF1D-DC49-4795-B66B-3B696B6FA298}.Raspi Parque 2|x64.ActiveCfg = Raspi Parque 2|Any CPU
		{E31ECF1D-DC49-4795-B66B-3B696B6FA298}.Raspi Parque 2|x64.Build.0 = Raspi Parque 2|Any CPU
		{E31ECF1D-DC49-4795-B66B-3B696B6FA298}.Raspi Parque 2|x86.ActiveCfg = Raspi Parque 2|Any CPU
		{E31ECF1D-DC49-4795-B66B-3B696B6FA298}.Raspi Parque 2|x86.Build.0 = Raspi Parque 2|Any CPU
		{E31ECF1D-DC49-4795-B66B-3B696B6FA298}.Raspi Parque|Any CPU.ActiveCfg = Raspi Parque|Any CPU
		{E31ECF1D-DC49-4795-B66B-3B696B6FA298}.Raspi Parque|ARM.ActiveCfg = Raspi Parque|Any CPU
		{E31ECF1D-DC49-4795-B66B-3B696B6FA298}.Raspi Parque|ARM.Build.0 = Raspi Parque|Any CPU
		{E31ECF1D-DC49-4795-B66B-3B696B6FA298}.Raspi Parque|ARM64.ActiveCfg = Raspi Parque|Any CPU
		{E31ECF1D-DC49-4795-B66B-3B696B6FA298}.Raspi Parque|ARM64.Build.0 = Raspi Parque|Any CPU
		{E31ECF1D-DC49-4795-B66B-3B696B6FA298}.Raspi Parque|x64.ActiveCfg = Raspi Parque|Any CPU
		{E31ECF1D-DC49-4795-B66B-3B696B6FA298}.Raspi Parque|x64.Build.0 = Raspi Parque|Any CPU
		{E31ECF1D-DC49-4795-B66B-3B696B6FA298}.Raspi Parque|x86.ActiveCfg = Raspi Parque|Any CPU
		{E31ECF1D-DC49-4795-B66B-3B696B6FA298}.Raspi Parque|x86.Build.0 = Raspi Parque|Any CPU
		{E31ECF1D-DC49-4795-B66B-3B696B6FA298}.Release|Any CPU.ActiveCfg = Release|Any CPU
		{E31ECF1D-DC49-4795-B66B-3B696B6FA298}.Release|Any CPU.Build.0 = Release|Any CPU
		{E31ECF1D-DC49-4795-B66B-3B696B6FA298}.Release|ARM.ActiveCfg = Release|Any CPU
		{E31ECF1D-DC49-4795-B66B-3B696B6FA298}.Release|ARM.Build.0 = Release|Any CPU
		{E31ECF1D-DC49-4795-B66B-3B696B6FA298}.Release|ARM64.ActiveCfg = Release|Any CPU
		{E31ECF1D-DC49-4795-B66B-3B696B6FA298}.Release|ARM64.Build.0 = Release|Any CPU
		{E31ECF1D-DC49-4795-B66B-3B696B6FA298}.Release|x64.ActiveCfg = Release|Any CPU
		{E31ECF1D-DC49-4795-B66B-3B696B6FA298}.Release|x64.Build.0 = Release|Any CPU
		{E31ECF1D-DC49-4795-B66B-3B696B6FA298}.Release|x86.ActiveCfg = Release|Any CPU
		{E31ECF1D-DC49-4795-B66B-3B696B6FA298}.Release|x86.Build.0 = Release|Any CPU
		{C85D00E5-DA0F-4E50-9010-A7235DD0CDD6}.Debug|Any CPU.ActiveCfg = Debug|Any CPU
		{C85D00E5-DA0F-4E50-9010-A7235DD0CDD6}.Debug|Any CPU.Build.0 = Debug|Any CPU
		{C85D00E5-DA0F-4E50-9010-A7235DD0CDD6}.Debug|ARM.ActiveCfg = Debug|Any CPU
		{C85D00E5-DA0F-4E50-9010-A7235DD0CDD6}.Debug|ARM.Build.0 = Debug|Any CPU
		{C85D00E5-DA0F-4E50-9010-A7235DD0CDD6}.Debug|ARM64.ActiveCfg = Debug|Any CPU
		{C85D00E5-DA0F-4E50-9010-A7235DD0CDD6}.Debug|ARM64.Build.0 = Debug|Any CPU
		{C85D00E5-DA0F-4E50-9010-A7235DD0CDD6}.Debug|x64.ActiveCfg = Debug|Any CPU
		{C85D00E5-DA0F-4E50-9010-A7235DD0CDD6}.Debug|x64.Build.0 = Debug|Any CPU
		{C85D00E5-DA0F-4E50-9010-A7235DD0CDD6}.Debug|x86.ActiveCfg = Debug|Any CPU
		{C85D00E5-DA0F-4E50-9010-A7235DD0CDD6}.Debug|x86.Build.0 = Debug|Any CPU
		{C85D00E5-DA0F-4E50-9010-A7235DD0CDD6}.Raspi Parque 2|Any CPU.ActiveCfg = Raspi Parque 2|Any CPU
		{C85D00E5-DA0F-4E50-9010-A7235DD0CDD6}.Raspi Parque 2|Any CPU.Build.0 = Raspi Parque 2|Any CPU
		{C85D00E5-DA0F-4E50-9010-A7235DD0CDD6}.Raspi Parque 2|ARM.ActiveCfg = Raspi Parque 2|Any CPU
		{C85D00E5-DA0F-4E50-9010-A7235DD0CDD6}.Raspi Parque 2|ARM.Build.0 = Raspi Parque 2|Any CPU
		{C85D00E5-DA0F-4E50-9010-A7235DD0CDD6}.Raspi Parque 2|ARM64.ActiveCfg = Raspi Parque 2|Any CPU
		{C85D00E5-DA0F-4E50-9010-A7235DD0CDD6}.Raspi Parque 2|ARM64.Build.0 = Raspi Parque 2|Any CPU
		{C85D00E5-DA0F-4E50-9010-A7235DD0CDD6}.Raspi Parque 2|x64.ActiveCfg = Raspi Parque 2|Any CPU
		{C85D00E5-DA0F-4E50-9010-A7235DD0CDD6}.Raspi Parque 2|x64.Build.0 = Raspi Parque 2|Any CPU
		{C85D00E5-DA0F-4E50-9010-A7235DD0CDD6}.Raspi Parque 2|x86.ActiveCfg = Raspi Parque 2|Any CPU
		{C85D00E5-DA0F-4E50-9010-A7235DD0CDD6}.Raspi Parque 2|x86.Build.0 = Raspi Parque 2|Any CPU
		{C85D00E5-DA0F-4E50-9010-A7235DD0CDD6}.Raspi Parque|Any CPU.ActiveCfg = Raspi Parque|Any CPU
		{C85D00E5-DA0F-4E50-9010-A7235DD0CDD6}.Raspi Parque|Any CPU.Build.0 = Raspi Parque|Any CPU
		{C85D00E5-DA0F-4E50-9010-A7235DD0CDD6}.Raspi Parque|ARM.ActiveCfg = Raspi Parque|Any CPU
		{C85D00E5-DA0F-4E50-9010-A7235DD0CDD6}.Raspi Parque|ARM.Build.0 = Raspi Parque|Any CPU
		{C85D00E5-DA0F-4E50-9010-A7235DD0CDD6}.Raspi Parque|ARM64.ActiveCfg = Raspi Parque|Any CPU
		{C85D00E5-DA0F-4E50-9010-A7235DD0CDD6}.Raspi Parque|ARM64.Build.0 = Raspi Parque|Any CPU
		{C85D00E5-DA0F-4E50-9010-A7235DD0CDD6}.Raspi Parque|x64.ActiveCfg = Raspi Parque|Any CPU
		{C85D00E5-DA0F-4E50-9010-A7235DD0CDD6}.Raspi Parque|x64.Build.0 = Raspi Parque|Any CPU
		{C85D00E5-DA0F-4E50-9010-A7235DD0CDD6}.Raspi Parque|x86.ActiveCfg = Raspi Parque|Any CPU
		{C85D00E5-DA0F-4E50-9010-A7235DD0CDD6}.Raspi Parque|x86.Build.0 = Raspi Parque|Any CPU
		{C85D00E5-DA0F-4E50-9010-A7235DD0CDD6}.Release|Any CPU.ActiveCfg = Release|Any CPU
		{C85D00E5-DA0F-4E50-9010-A7235DD0CDD6}.Release|Any CPU.Build.0 = Release|Any CPU
		{C85D00E5-DA0F-4E50-9010-A7235DD0CDD6}.Release|ARM.ActiveCfg = Release|Any CPU
		{C85D00E5-DA0F-4E50-9010-A7235DD0CDD6}.Release|ARM.Build.0 = Release|Any CPU
		{C85D00E5-DA0F-4E50-9010-A7235DD0CDD6}.Release|ARM64.ActiveCfg = Release|Any CPU
		{C85D00E5-DA0F-4E50-9010-A7235DD0CDD6}.Release|ARM64.Build.0 = Release|Any CPU
		{C85D00E5-DA0F-4E50-9010-A7235DD0CDD6}.Release|x64.ActiveCfg = Release|Any CPU
		{C85D00E5-DA0F-4E50-9010-A7235DD0CDD6}.Release|x64.Build.0 = Release|Any CPU
		{C85D00E5-DA0F-4E50-9010-A7235DD0CDD6}.Release|x86.ActiveCfg = Release|Any CPU
		{C85D00E5-DA0F-4E50-9010-A7235DD0CDD6}.Release|x86.Build.0 = Release|Any CPU
		{9FB4DE58-A339-01A0-977A-781457E4B3E0}.Debug|Any CPU.ActiveCfg = Debug|Any CPU
		{9FB4DE58-A339-01A0-977A-781457E4B3E0}.Debug|Any CPU.Build.0 = Debug|Any CPU
		{9FB4DE58-A339-01A0-977A-781457E4B3E0}.Debug|ARM.ActiveCfg = Debug|Any CPU
		{9FB4DE58-A339-01A0-977A-781457E4B3E0}.Debug|ARM.Build.0 = Debug|Any CPU
		{9FB4DE58-A339-01A0-977A-781457E4B3E0}.Debug|ARM64.ActiveCfg = Debug|Any CPU
		{9FB4DE58-A339-01A0-977A-781457E4B3E0}.Debug|ARM64.Build.0 = Debug|Any CPU
		{9FB4DE58-A339-01A0-977A-781457E4B3E0}.Debug|x64.ActiveCfg = Debug|Any CPU
		{9FB4DE58-A339-01A0-977A-781457E4B3E0}.Debug|x64.Build.0 = Debug|Any CPU
		{9FB4DE58-A339-01A0-977A-781457E4B3E0}.Debug|x86.ActiveCfg = Debug|Any CPU
		{9FB4DE58-A339-01A0-977A-781457E4B3E0}.Debug|x86.Build.0 = Debug|Any CPU
		{9FB4DE58-A339-01A0-977A-781457E4B3E0}.Raspi Parque 2|Any CPU.ActiveCfg = Debug|Any CPU
		{9FB4DE58-A339-01A0-977A-781457E4B3E0}.Raspi Parque 2|Any CPU.Build.0 = Debug|Any CPU
		{9FB4DE58-A339-01A0-977A-781457E4B3E0}.Raspi Parque 2|ARM.ActiveCfg = Debug|Any CPU
		{9FB4DE58-A339-01A0-977A-781457E4B3E0}.Raspi Parque 2|ARM.Build.0 = Debug|Any CPU
		{9FB4DE58-A339-01A0-977A-781457E4B3E0}.Raspi Parque 2|ARM64.ActiveCfg = Debug|Any CPU
		{9FB4DE58-A339-01A0-977A-781457E4B3E0}.Raspi Parque 2|ARM64.Build.0 = Debug|Any CPU
		{9FB4DE58-A339-01A0-977A-781457E4B3E0}.Raspi Parque 2|x64.ActiveCfg = Debug|Any CPU
		{9FB4DE58-A339-01A0-977A-781457E4B3E0}.Raspi Parque 2|x64.Build.0 = Debug|Any CPU
		{9FB4DE58-A339-01A0-977A-781457E4B3E0}.Raspi Parque 2|x86.ActiveCfg = Debug|Any CPU
		{9FB4DE58-A339-01A0-977A-781457E4B3E0}.Raspi Parque 2|x86.Build.0 = Debug|Any CPU
		{9FB4DE58-A339-01A0-977A-781457E4B3E0}.Raspi Parque|Any CPU.ActiveCfg = Debug|Any CPU
		{9FB4DE58-A339-01A0-977A-781457E4B3E0}.Raspi Parque|Any CPU.Build.0 = Debug|Any CPU
		{9FB4DE58-A339-01A0-977A-781457E4B3E0}.Raspi Parque|ARM.ActiveCfg = Debug|Any CPU
		{9FB4DE58-A339-01A0-977A-781457E4B3E0}.Raspi Parque|ARM.Build.0 = Debug|Any CPU
		{9FB4DE58-A339-01A0-977A-781457E4B3E0}.Raspi Parque|ARM64.ActiveCfg = Debug|Any CPU
		{9FB4DE58-A339-01A0-977A-781457E4B3E0}.Raspi Parque|ARM64.Build.0 = Debug|Any CPU
		{9FB4DE58-A339-01A0-977A-781457E4B3E0}.Raspi Parque|x64.ActiveCfg = Debug|Any CPU
		{9FB4DE58-A339-01A0-977A-781457E4B3E0}.Raspi Parque|x64.Build.0 = Debug|Any CPU
		{9FB4DE58-A339-01A0-977A-781457E4B3E0}.Raspi Parque|x86.ActiveCfg = Debug|Any CPU
		{9FB4DE58-A339-01A0-977A-781457E4B3E0}.Raspi Parque|x86.Build.0 = Debug|Any CPU
		{9FB4DE58-A339-01A0-977A-781457E4B3E0}.Release|Any CPU.ActiveCfg = Release|Any CPU
		{9FB4DE58-A339-01A0-977A-781457E4B3E0}.Release|Any CPU.Build.0 = Release|Any CPU
		{9FB4DE58-A339-01A0-977A-781457E4B3E0}.Release|ARM.ActiveCfg = Release|Any CPU
		{9FB4DE58-A339-01A0-977A-781457E4B3E0}.Release|ARM.Build.0 = Release|Any CPU
		{9FB4DE58-A339-01A0-977A-781457E4B3E0}.Release|ARM64.ActiveCfg = Release|Any CPU
		{9FB4DE58-A339-01A0-977A-781457E4B3E0}.Release|ARM64.Build.0 = Release|Any CPU
		{9FB4DE58-A339-01A0-977A-781457E4B3E0}.Release|x64.ActiveCfg = Release|Any CPU
		{9FB4DE58-A339-01A0-977A-781457E4B3E0}.Release|x64.Build.0 = Release|Any CPU
		{9FB4DE58-A339-01A0-977A-781457E4B3E0}.Release|x86.ActiveCfg = Release|Any CPU
		{9FB4DE58-A339-01A0-977A-781457E4B3E0}.Release|x86.Build.0 = Release|Any CPU
	EndGlobalSection
	GlobalSection(SolutionProperties) = preSolution
		HideSolutionNode = FALSE
	EndGlobalSection
	GlobalSection(ExtensibilityGlobals) = postSolution
		SolutionGuid = {B9ED1E83-BC88-4806-BC86-D74AC1A14092}
	EndGlobalSection
EndGlobal
